// !$*UTF8*$!
{
	archiveVersion = 1;
	classes = {
	};
	objectVersion = 51;
	objects = {

/* Begin PBXBuildFile section */
		1C71EAFB1E6C72A3E76C9326 /* Pods_CafeCity.framework in Frameworks */ = {isa = PBXBuildFile; fileRef = 23C3BB7D7D7CFB918F50484A /* Pods_CafeCity.framework */; };
		3420398E22F6D8800052EAE0 /* SpinerLayer.swift in Sources */ = {isa = PBXBuildFile; fileRef = 3420398D22F6D8800052EAE0 /* SpinerLayer.swift */; };
		3420399022F6DB540052EAE0 /* CGRect+Ext.swift in Sources */ = {isa = PBXBuildFile; fileRef = 3420398F22F6DB540052EAE0 /* CGRect+Ext.swift */; };
		3420399222F73A320052EAE0 /* CycleLoadingView.swift in Sources */ = {isa = PBXBuildFile; fileRef = 3420399122F73A320052EAE0 /* CycleLoadingView.swift */; };
		342039BB22F9A5CC0052EAE0 /* SearchFilterViewController.swift in Sources */ = {isa = PBXBuildFile; fileRef = 342039BA22F9A5CC0052EAE0 /* SearchFilterViewController.swift */; };
		34501FAD22F0425700A5A1E2 /* AppDelegate.swift in Sources */ = {isa = PBXBuildFile; fileRef = 34501FAC22F0425700A5A1E2 /* AppDelegate.swift */; };
		34501FB222F0425700A5A1E2 /* Main.storyboard in Resources */ = {isa = PBXBuildFile; fileRef = 34501FB022F0425700A5A1E2 /* Main.storyboard */; };
		34501FB522F0425700A5A1E2 /* CafeCity.xcdatamodeld in Sources */ = {isa = PBXBuildFile; fileRef = 34501FB322F0425700A5A1E2 /* CafeCity.xcdatamodeld */; };
		34501FB722F0425900A5A1E2 /* Assets.xcassets in Resources */ = {isa = PBXBuildFile; fileRef = 34501FB622F0425900A5A1E2 /* Assets.xcassets */; };
		34501FBA22F0425900A5A1E2 /* LaunchScreen.storyboard in Resources */ = {isa = PBXBuildFile; fileRef = 34501FB822F0425900A5A1E2 /* LaunchScreen.storyboard */; };
		34501FC322F044BC00A5A1E2 /* MapViewController.swift in Sources */ = {isa = PBXBuildFile; fileRef = 34501FC222F044BC00A5A1E2 /* MapViewController.swift */; };
		34501FC622F044EB00A5A1E2 /* MapKit.framework in Frameworks */ = {isa = PBXBuildFile; fileRef = 34501FC522F044EB00A5A1E2 /* MapKit.framework */; };
		34501FC922F15D4F00A5A1E2 /* MapViewController+Ext.swift in Sources */ = {isa = PBXBuildFile; fileRef = 34501FC822F15D4F00A5A1E2 /* MapViewController+Ext.swift */; };
		34501FCF22F2D6C100A5A1E2 /* CafeNomadAPIModel.swift in Sources */ = {isa = PBXBuildFile; fileRef = 34501FCE22F2D6C100A5A1E2 /* CafeNomadAPIModel.swift */; };
		34501FD222F40BCF00A5A1E2 /* API.swift in Sources */ = {isa = PBXBuildFile; fileRef = 34501FD122F40BCF00A5A1E2 /* API.swift */; };
		34501FD422F416BA00A5A1E2 /* NetworkManager.swift in Sources */ = {isa = PBXBuildFile; fileRef = 34501FD322F416BA00A5A1E2 /* NetworkManager.swift */; };
		345BAB6323013A2F00222A98 /* CafeMapModel.swift in Sources */ = {isa = PBXBuildFile; fileRef = 345BAB6223013A2F00222A98 /* CafeMapModel.swift */; };
		345BAB652302AE6B00222A98 /* PickCityPopoverViewController.swift in Sources */ = {isa = PBXBuildFile; fileRef = 345BAB642302AE6B00222A98 /* PickCityPopoverViewController.swift */; };
		345BAB692302C91F00222A98 /* cityListJason.txt in Resources */ = {isa = PBXBuildFile; fileRef = 345BAB682302C91F00222A98 /* cityListJason.txt */; };
		345BAB6B2305551B00222A98 /* ARViewController.swift in Sources */ = {isa = PBXBuildFile; fileRef = 345BAB6A2305551B00222A98 /* ARViewController.swift */; };
		345BAB712306A13D00222A98 /* SNNode+Ext.swift in Sources */ = {isa = PBXBuildFile; fileRef = 345BAB702306A13D00222A98 /* SNNode+Ext.swift */; };
		345BAB732306A18400222A98 /* CALayer+Ext.swift in Sources */ = {isa = PBXBuildFile; fileRef = 345BAB722306A18400222A98 /* CALayer+Ext.swift */; };
		345BAB77230BD83000222A98 /* CustomAnnotaionAndCallout.swift in Sources */ = {isa = PBXBuildFile; fileRef = 345BAB76230BD83000222A98 /* CustomAnnotaionAndCallout.swift */; };
		345BAB79230BF1A000222A98 /* UIColor+Ext.swift in Sources */ = {isa = PBXBuildFile; fileRef = 345BAB78230BF1A000222A98 /* UIColor+Ext.swift */; };
		345BAB7B230C0D5000222A98 /* test.swift in Sources */ = {isa = PBXBuildFile; fileRef = 345BAB7A230C0D5000222A98 /* test.swift */; };
		345BAB86230D402D00222A98 /* UserFavoriteDataManger.swift in Sources */ = {isa = PBXBuildFile; fileRef = 345BAB85230D402D00222A98 /* UserFavoriteDataManger.swift */; };
		34D4F3AE22FB05E80007244F /* Media.xcassets in Resources */ = {isa = PBXBuildFile; fileRef = 34D4F3A922FB05E80007244F /* Media.xcassets */; };
		34D4F3B022FB05E80007244F /* StarRateView.swift in Sources */ = {isa = PBXBuildFile; fileRef = 34D4F3AC22FB05E80007244F /* StarRateView.swift */; };
		34D4F3B322FD40CE0007244F /* UIView+Ext.swift in Sources */ = {isa = PBXBuildFile; fileRef = 34D4F3B222FD40CE0007244F /* UIView+Ext.swift */; };
/* End PBXBuildFile section */

/* Begin PBXFileReference section */
		23C3BB7D7D7CFB918F50484A /* Pods_CafeCity.framework */ = {isa = PBXFileReference; explicitFileType = wrapper.framework; includeInIndex = 0; path = Pods_CafeCity.framework; sourceTree = BUILT_PRODUCTS_DIR; };
		3420398D22F6D8800052EAE0 /* SpinerLayer.swift */ = {isa = PBXFileReference; lastKnownFileType = sourcecode.swift; path = SpinerLayer.swift; sourceTree = "<group>"; };
		3420398F22F6DB540052EAE0 /* CGRect+Ext.swift */ = {isa = PBXFileReference; lastKnownFileType = sourcecode.swift; path = "CGRect+Ext.swift"; sourceTree = "<group>"; };
		3420399122F73A320052EAE0 /* CycleLoadingView.swift */ = {isa = PBXFileReference; lastKnownFileType = sourcecode.swift; path = CycleLoadingView.swift; sourceTree = "<group>"; };
		342039BA22F9A5CC0052EAE0 /* SearchFilterViewController.swift */ = {isa = PBXFileReference; lastKnownFileType = sourcecode.swift; path = SearchFilterViewController.swift; sourceTree = "<group>"; };
		34501FA922F0425700A5A1E2 /* CafeCity.app */ = {isa = PBXFileReference; explicitFileType = wrapper.application; includeInIndex = 0; path = CafeCity.app; sourceTree = BUILT_PRODUCTS_DIR; };
		34501FAC22F0425700A5A1E2 /* AppDelegate.swift */ = {isa = PBXFileReference; lastKnownFileType = sourcecode.swift; path = AppDelegate.swift; sourceTree = "<group>"; };
		34501FB122F0425700A5A1E2 /* Base */ = {isa = PBXFileReference; lastKnownFileType = file.storyboard; name = Base; path = Base.lproj/Main.storyboard; sourceTree = "<group>"; };
		34501FB422F0425700A5A1E2 /* CafeCity.xcdatamodel */ = {isa = PBXFileReference; lastKnownFileType = wrapper.xcdatamodel; path = CafeCity.xcdatamodel; sourceTree = "<group>"; };
		34501FB622F0425900A5A1E2 /* Assets.xcassets */ = {isa = PBXFileReference; lastKnownFileType = folder.assetcatalog; path = Assets.xcassets; sourceTree = "<group>"; };
		34501FB922F0425900A5A1E2 /* Base */ = {isa = PBXFileReference; lastKnownFileType = file.storyboard; name = Base; path = Base.lproj/LaunchScreen.storyboard; sourceTree = "<group>"; };
		34501FBB22F0425900A5A1E2 /* Info.plist */ = {isa = PBXFileReference; lastKnownFileType = text.plist.xml; path = Info.plist; sourceTree = "<group>"; };
		34501FC222F044BC00A5A1E2 /* MapViewController.swift */ = {isa = PBXFileReference; lastKnownFileType = sourcecode.swift; path = MapViewController.swift; sourceTree = "<group>"; };
		34501FC522F044EB00A5A1E2 /* MapKit.framework */ = {isa = PBXFileReference; lastKnownFileType = wrapper.framework; name = MapKit.framework; path = System/Library/Frameworks/MapKit.framework; sourceTree = SDKROOT; };
		34501FC822F15D4F00A5A1E2 /* MapViewController+Ext.swift */ = {isa = PBXFileReference; lastKnownFileType = sourcecode.swift; path = "MapViewController+Ext.swift"; sourceTree = "<group>"; };
		34501FCE22F2D6C100A5A1E2 /* CafeNomadAPIModel.swift */ = {isa = PBXFileReference; lastKnownFileType = sourcecode.swift; path = CafeNomadAPIModel.swift; sourceTree = "<group>"; };
		34501FD122F40BCF00A5A1E2 /* API.swift */ = {isa = PBXFileReference; lastKnownFileType = sourcecode.swift; path = API.swift; sourceTree = "<group>"; };
		34501FD322F416BA00A5A1E2 /* NetworkManager.swift */ = {isa = PBXFileReference; lastKnownFileType = sourcecode.swift; path = NetworkManager.swift; sourceTree = "<group>"; };
		345BAB6223013A2F00222A98 /* CafeMapModel.swift */ = {isa = PBXFileReference; lastKnownFileType = sourcecode.swift; path = CafeMapModel.swift; sourceTree = "<group>"; };
		345BAB642302AE6B00222A98 /* PickCityPopoverViewController.swift */ = {isa = PBXFileReference; lastKnownFileType = sourcecode.swift; path = PickCityPopoverViewController.swift; sourceTree = "<group>"; };
		345BAB682302C91F00222A98 /* cityListJason.txt */ = {isa = PBXFileReference; lastKnownFileType = text; path = cityListJason.txt; sourceTree = "<group>"; };
		345BAB6A2305551B00222A98 /* ARViewController.swift */ = {isa = PBXFileReference; lastKnownFileType = sourcecode.swift; path = ARViewController.swift; sourceTree = "<group>"; };
		345BAB702306A13D00222A98 /* SNNode+Ext.swift */ = {isa = PBXFileReference; lastKnownFileType = sourcecode.swift; path = "SNNode+Ext.swift"; sourceTree = "<group>"; };
		345BAB722306A18400222A98 /* CALayer+Ext.swift */ = {isa = PBXFileReference; lastKnownFileType = sourcecode.swift; path = "CALayer+Ext.swift"; sourceTree = "<group>"; };
		345BAB76230BD83000222A98 /* CustomAnnotaionAndCallout.swift */ = {isa = PBXFileReference; lastKnownFileType = sourcecode.swift; path = CustomAnnotaionAndCallout.swift; sourceTree = "<group>"; };
		345BAB78230BF1A000222A98 /* UIColor+Ext.swift */ = {isa = PBXFileReference; lastKnownFileType = sourcecode.swift; path = "UIColor+Ext.swift"; sourceTree = "<group>"; };
		345BAB7A230C0D5000222A98 /* test.swift */ = {isa = PBXFileReference; lastKnownFileType = sourcecode.swift; path = test.swift; sourceTree = "<group>"; };
		345BAB85230D402D00222A98 /* UserFavoriteDataManger.swift */ = {isa = PBXFileReference; lastKnownFileType = sourcecode.swift; path = UserFavoriteDataManger.swift; sourceTree = "<group>"; };
		34D4F3A922FB05E80007244F /* Media.xcassets */ = {isa = PBXFileReference; lastKnownFileType = folder.assetcatalog; path = Media.xcassets; sourceTree = "<group>"; };
		34D4F3AC22FB05E80007244F /* StarRateView.swift */ = {isa = PBXFileReference; fileEncoding = 4; lastKnownFileType = sourcecode.swift; path = StarRateView.swift; sourceTree = "<group>"; };
		34D4F3B222FD40CE0007244F /* UIView+Ext.swift */ = {isa = PBXFileReference; lastKnownFileType = sourcecode.swift; path = "UIView+Ext.swift"; sourceTree = "<group>"; };
		4CED4779C506BBED0BBCB0A3 /* Pods-CafeCity.release.xcconfig */ = {isa = PBXFileReference; includeInIndex = 1; lastKnownFileType = text.xcconfig; name = "Pods-CafeCity.release.xcconfig"; path = "Target Support Files/Pods-CafeCity/Pods-CafeCity.release.xcconfig"; sourceTree = "<group>"; };
		5061B4552C0CDF5222D538D6 /* Pods-CafeCity.debug.xcconfig */ = {isa = PBXFileReference; includeInIndex = 1; lastKnownFileType = text.xcconfig; name = "Pods-CafeCity.debug.xcconfig"; path = "Target Support Files/Pods-CafeCity/Pods-CafeCity.debug.xcconfig"; sourceTree = "<group>"; };
/* End PBXFileReference section */

/* Begin PBXFrameworksBuildPhase section */
		34501FA622F0425700A5A1E2 /* Frameworks */ = {
			isa = PBXFrameworksBuildPhase;
			buildActionMask = 2147483647;
			files = (
				34501FC622F044EB00A5A1E2 /* MapKit.framework in Frameworks */,
				1C71EAFB1E6C72A3E76C9326 /* Pods_CafeCity.framework in Frameworks */,
			);
			runOnlyForDeploymentPostprocessing = 0;
		};
/* End PBXFrameworksBuildPhase section */

/* Begin PBXGroup section */
		3420398C22F6D8660052EAE0 /* Helper */ = {
			isa = PBXGroup;
			children = (
				34D4F3A822FB05E80007244F /* StarRateView */,
				3420398D22F6D8800052EAE0 /* SpinerLayer.swift */,
				3420399122F73A320052EAE0 /* CycleLoadingView.swift */,
				3420398F22F6DB540052EAE0 /* CGRect+Ext.swift */,
				34D4F3B222FD40CE0007244F /* UIView+Ext.swift */,
				345BAB702306A13D00222A98 /* SNNode+Ext.swift */,
				345BAB722306A18400222A98 /* CALayer+Ext.swift */,
				345BAB78230BF1A000222A98 /* UIColor+Ext.swift */,
				345BAB76230BD83000222A98 /* CustomAnnotaionAndCallout.swift */,
			);
			path = Helper;
			sourceTree = "<group>";
		};
		34501FA022F0425700A5A1E2 = {
			isa = PBXGroup;
			children = (
				34501FAB22F0425700A5A1E2 /* CafeCity */,
				34501FAA22F0425700A5A1E2 /* Products */,
				34501FC422F044EB00A5A1E2 /* Frameworks */,
				64B615F7E5EAB33EA2A2FE78 /* Pods */,
			);
			sourceTree = "<group>";
		};
		34501FAA22F0425700A5A1E2 /* Products */ = {
			isa = PBXGroup;
			children = (
				34501FA922F0425700A5A1E2 /* CafeCity.app */,
			);
			name = Products;
			sourceTree = "<group>";
		};
		34501FAB22F0425700A5A1E2 /* CafeCity */ = {
			isa = PBXGroup;
			children = (
				34501FAC22F0425700A5A1E2 /* AppDelegate.swift */,
				345BAB662302C8A400222A98 /* Resource */,
				3420398C22F6D8660052EAE0 /* Helper */,
				34501FD022F40BB500A5A1E2 /* Manger */,
				34501FC722F0468F00A5A1E2 /* Storyboard */,
				34501FCD22F2BE2800A5A1E2 /* Model */,
				34501FCB22F15E1800A5A1E2 /* View */,
				34501FC122F0439A00A5A1E2 /* Controller */,
				34501FB622F0425900A5A1E2 /* Assets.xcassets */,
				34501FBB22F0425900A5A1E2 /* Info.plist */,
				34501FB322F0425700A5A1E2 /* CafeCity.xcdatamodeld */,
			);
			path = CafeCity;
			sourceTree = "<group>";
		};
		34501FC122F0439A00A5A1E2 /* Controller */ = {
			isa = PBXGroup;
			children = (
				34501FC222F044BC00A5A1E2 /* MapViewController.swift */,
				342039BA22F9A5CC0052EAE0 /* SearchFilterViewController.swift */,
				345BAB642302AE6B00222A98 /* PickCityPopoverViewController.swift */,
				345BAB6A2305551B00222A98 /* ARViewController.swift */,
			);
			path = Controller;
			sourceTree = "<group>";
		};
		34501FC422F044EB00A5A1E2 /* Frameworks */ = {
			isa = PBXGroup;
			children = (
				34501FC522F044EB00A5A1E2 /* MapKit.framework */,
				23C3BB7D7D7CFB918F50484A /* Pods_CafeCity.framework */,
			);
			name = Frameworks;
			sourceTree = "<group>";
		};
		34501FC722F0468F00A5A1E2 /* Storyboard */ = {
			isa = PBXGroup;
			children = (
				34501FB022F0425700A5A1E2 /* Main.storyboard */,
				34501FB822F0425900A5A1E2 /* LaunchScreen.storyboard */,
			);
			path = Storyboard;
			sourceTree = "<group>";
		};
		34501FCB22F15E1800A5A1E2 /* View */ = {
			isa = PBXGroup;
			children = (
				34501FC822F15D4F00A5A1E2 /* MapViewController+Ext.swift */,
				345BAB7A230C0D5000222A98 /* test.swift */,
			);
			path = View;
			sourceTree = "<group>";
		};
		34501FCD22F2BE2800A5A1E2 /* Model */ = {
			isa = PBXGroup;
			children = (
				34501FCE22F2D6C100A5A1E2 /* CafeNomadAPIModel.swift */,
				345BAB6223013A2F00222A98 /* CafeMapModel.swift */,
			);
			path = Model;
			sourceTree = "<group>";
		};
		34501FD022F40BB500A5A1E2 /* Manger */ = {
			isa = PBXGroup;
			children = (
				345BAB84230D3FCF00222A98 /* NetworkManger */,
				345BAB85230D402D00222A98 /* UserFavoriteDataManger.swift */,
			);
			path = Manger;
			sourceTree = "<group>";
		};
		345BAB662302C8A400222A98 /* Resource */ = {
			isa = PBXGroup;
			children = (
				345BAB672302C8B700222A98 /* Text */,
			);
			path = Resource;
			sourceTree = "<group>";
		};
		345BAB672302C8B700222A98 /* Text */ = {
			isa = PBXGroup;
			children = (
				345BAB682302C91F00222A98 /* cityListJason.txt */,
			);
			path = Text;
			sourceTree = "<group>";
		};
		345BAB84230D3FCF00222A98 /* NetworkManger */ = {
			isa = PBXGroup;
			children = (
				34501FD122F40BCF00A5A1E2 /* API.swift */,
				34501FD322F416BA00A5A1E2 /* NetworkManager.swift */,
			);
			path = NetworkManger;
			sourceTree = "<group>";
		};
		34D4F3A822FB05E80007244F /* StarRateView */ = {
			isa = PBXGroup;
			children = (
				34D4F3A922FB05E80007244F /* Media.xcassets */,
				34D4F3AC22FB05E80007244F /* StarRateView.swift */,
			);
			path = StarRateView;
			sourceTree = "<group>";
		};
		64B615F7E5EAB33EA2A2FE78 /* Pods */ = {
			isa = PBXGroup;
			children = (
				5061B4552C0CDF5222D538D6 /* Pods-CafeCity.debug.xcconfig */,
				4CED4779C506BBED0BBCB0A3 /* Pods-CafeCity.release.xcconfig */,
			);
			path = Pods;
			sourceTree = "<group>";
		};
/* End PBXGroup section */

/* Begin PBXNativeTarget section */
		34501FA822F0425700A5A1E2 /* CafeCity */ = {
			isa = PBXNativeTarget;
			buildConfigurationList = 34501FBE22F0425900A5A1E2 /* Build configuration list for PBXNativeTarget "CafeCity" */;
			buildPhases = (
				F706CD31FDA8E93E3398A830 /* [CP] Check Pods Manifest.lock */,
				34501FA522F0425700A5A1E2 /* Sources */,
				34501FA622F0425700A5A1E2 /* Frameworks */,
				34501FA722F0425700A5A1E2 /* Resources */,
				C68131B7F2B0BEBFE8D3D6CA /* [CP] Embed Pods Frameworks */,
			);
			buildRules = (
			);
			dependencies = (
			);
			name = CafeCity;
			productName = CafeCity;
			productReference = 34501FA922F0425700A5A1E2 /* CafeCity.app */;
			productType = "com.apple.product-type.application";
		};
/* End PBXNativeTarget section */

/* Begin PBXProject section */
		34501FA122F0425700A5A1E2 /* Project object */ = {
			isa = PBXProject;
			attributes = {
				LastSwiftUpdateCheck = 1030;
				LastUpgradeCheck = 1030;
				ORGANIZATIONNAME = Shane;
				TargetAttributes = {
					34501FA822F0425700A5A1E2 = {
						CreatedOnToolsVersion = 10.3;
						SystemCapabilities = {
							com.apple.Maps.iOS = {
								enabled = 1;
							};
						};
					};
				};
			};
			buildConfigurationList = 34501FA422F0425700A5A1E2 /* Build configuration list for PBXProject "CafeCity" */;
			compatibilityVersion = "Xcode 9.3";
			developmentRegion = en;
			hasScannedForEncodings = 0;
			knownRegions = (
				en,
				Base,
			);
			mainGroup = 34501FA022F0425700A5A1E2;
			productRefGroup = 34501FAA22F0425700A5A1E2 /* Products */;
			projectDirPath = "";
			projectRoot = "";
			targets = (
				34501FA822F0425700A5A1E2 /* CafeCity */,
			);
		};
/* End PBXProject section */

/* Begin PBXResourcesBuildPhase section */
		34501FA722F0425700A5A1E2 /* Resources */ = {
			isa = PBXResourcesBuildPhase;
			buildActionMask = 2147483647;
			files = (
				345BAB692302C91F00222A98 /* cityListJason.txt in Resources */,
				34501FBA22F0425900A5A1E2 /* LaunchScreen.storyboard in Resources */,
				34501FB722F0425900A5A1E2 /* Assets.xcassets in Resources */,
				34D4F3AE22FB05E80007244F /* Media.xcassets in Resources */,
				34501FB222F0425700A5A1E2 /* Main.storyboard in Resources */,
			);
			runOnlyForDeploymentPostprocessing = 0;
		};
/* End PBXResourcesBuildPhase section */

/* Begin PBXShellScriptBuildPhase section */
		C68131B7F2B0BEBFE8D3D6CA /* [CP] Embed Pods Frameworks */ = {
			isa = PBXShellScriptBuildPhase;
			buildActionMask = 2147483647;
			files = (
			);
			inputFileListPaths = (
				"${PODS_ROOT}/Target Support Files/Pods-CafeCity/Pods-CafeCity-frameworks-${CONFIGURATION}-input-files.xcfilelist",
			);
			name = "[CP] Embed Pods Frameworks";
			outputFileListPaths = (
				"${PODS_ROOT}/Target Support Files/Pods-CafeCity/Pods-CafeCity-frameworks-${CONFIGURATION}-output-files.xcfilelist",
			);
			runOnlyForDeploymentPostprocessing = 0;
			shellPath = /bin/sh;
			shellScript = "\"${PODS_ROOT}/Target Support Files/Pods-CafeCity/Pods-CafeCity-frameworks.sh\"\n";
			showEnvVarsInLog = 0;
		};
		F706CD31FDA8E93E3398A830 /* [CP] Check Pods Manifest.lock */ = {
			isa = PBXShellScriptBuildPhase;
			buildActionMask = 2147483647;
			files = (
			);
			inputFileListPaths = (
			);
			inputPaths = (
				"${PODS_PODFILE_DIR_PATH}/Podfile.lock",
				"${PODS_ROOT}/Manifest.lock",
			);
			name = "[CP] Check Pods Manifest.lock";
			outputFileListPaths = (
			);
			outputPaths = (
				"$(DERIVED_FILE_DIR)/Pods-CafeCity-checkManifestLockResult.txt",
			);
			runOnlyForDeploymentPostprocessing = 0;
			shellPath = /bin/sh;
			shellScript = "diff \"${PODS_PODFILE_DIR_PATH}/Podfile.lock\" \"${PODS_ROOT}/Manifest.lock\" > /dev/null\nif [ $? != 0 ] ; then\n    # print error to STDERR\n    echo \"error: The sandbox is not in sync with the Podfile.lock. Run 'pod install' or update your CocoaPods installation.\" >&2\n    exit 1\nfi\n# This output is used by Xcode 'outputs' to avoid re-running this script phase.\necho \"SUCCESS\" > \"${SCRIPT_OUTPUT_FILE_0}\"\n";
			showEnvVarsInLog = 0;
		};
/* End PBXShellScriptBuildPhase section */

/* Begin PBXSourcesBuildPhase section */
		34501FA522F0425700A5A1E2 /* Sources */ = {
			isa = PBXSourcesBuildPhase;
			buildActionMask = 2147483647;
			files = (
				34D4F3B022FB05E80007244F /* StarRateView.swift in Sources */,
				342039BB22F9A5CC0052EAE0 /* SearchFilterViewController.swift in Sources */,
				3420399022F6DB540052EAE0 /* CGRect+Ext.swift in Sources */,
				345BAB6B2305551B00222A98 /* ARViewController.swift in Sources */,
				34501FAD22F0425700A5A1E2 /* AppDelegate.swift in Sources */,
				34D4F3B322FD40CE0007244F /* UIView+Ext.swift in Sources */,
				345BAB6323013A2F00222A98 /* CafeMapModel.swift in Sources */,
				345BAB77230BD83000222A98 /* CustomAnnotaionAndCallout.swift in Sources */,
				34501FC322F044BC00A5A1E2 /* MapViewController.swift in Sources */,
				3420399222F73A320052EAE0 /* CycleLoadingView.swift in Sources */,
				34501FB522F0425700A5A1E2 /* CafeCity.xcdatamodeld in Sources */,
				34501FD422F416BA00A5A1E2 /* NetworkManager.swift in Sources */,
				34501FCF22F2D6C100A5A1E2 /* CafeNomadAPIModel.swift in Sources */,
				345BAB7B230C0D5000222A98 /* test.swift in Sources */,
				3420398E22F6D8800052EAE0 /* SpinerLayer.swift in Sources */,
				345BAB652302AE6B00222A98 /* PickCityPopoverViewController.swift in Sources */,
				34501FD222F40BCF00A5A1E2 /* API.swift in Sources */,
				345BAB732306A18400222A98 /* CALayer+Ext.swift in Sources */,
				345BAB79230BF1A000222A98 /* UIColor+Ext.swift in Sources */,
				345BAB712306A13D00222A98 /* SNNode+Ext.swift in Sources */,
				345BAB86230D402D00222A98 /* UserFavoriteDataManger.swift in Sources */,
				34501FC922F15D4F00A5A1E2 /* MapViewController+Ext.swift in Sources */,
			);
			runOnlyForDeploymentPostprocessing = 0;
		};
/* End PBXSourcesBuildPhase section */

/* Begin PBXVariantGroup section */
		34501FB022F0425700A5A1E2 /* Main.storyboard */ = {
			isa = PBXVariantGroup;
			children = (
				34501FB122F0425700A5A1E2 /* Base */,
			);
			name = Main.storyboard;
			sourceTree = "<group>";
		};
		34501FB822F0425900A5A1E2 /* LaunchScreen.storyboard */ = {
			isa = PBXVariantGroup;
			children = (
				34501FB922F0425900A5A1E2 /* Base */,
			);
			name = LaunchScreen.storyboard;
			sourceTree = "<group>";
		};
/* End PBXVariantGroup section */

/* Begin XCBuildConfiguration section */
		34501FBC22F0425900A5A1E2 /* Debug */ = {
			isa = XCBuildConfiguration;
			buildSettings = {
				ALWAYS_SEARCH_USER_PATHS = NO;
				CLANG_ANALYZER_NONNULL = YES;
				CLANG_ANALYZER_NUMBER_OBJECT_CONVERSION = YES_AGGRESSIVE;
				CLANG_CXX_LANGUAGE_STANDARD = "gnu++14";
				CLANG_CXX_LIBRARY = "libc++";
				CLANG_ENABLE_MODULES = YES;
				CLANG_ENABLE_OBJC_ARC = YES;
				CLANG_ENABLE_OBJC_WEAK = YES;
				CLANG_WARN_BLOCK_CAPTURE_AUTORELEASING = YES;
				CLANG_WARN_BOOL_CONVERSION = YES;
				CLANG_WARN_COMMA = YES;
				CLANG_WARN_CONSTANT_CONVERSION = YES;
				CLANG_WARN_DEPRECATED_OBJC_IMPLEMENTATIONS = YES;
				CLANG_WARN_DIRECT_OBJC_ISA_USAGE = YES_ERROR;
				CLANG_WARN_DOCUMENTATION_COMMENTS = YES;
				CLANG_WARN_EMPTY_BODY = YES;
				CLANG_WARN_ENUM_CONVERSION = YES;
				CLANG_WARN_INFINITE_RECURSION = YES;
				CLANG_WARN_INT_CONVERSION = YES;
				CLANG_WARN_NON_LITERAL_NULL_CONVERSION = YES;
				CLANG_WARN_OBJC_IMPLICIT_RETAIN_SELF = YES;
				CLANG_WARN_OBJC_LITERAL_CONVERSION = YES;
				CLANG_WARN_OBJC_ROOT_CLASS = YES_ERROR;
				CLANG_WARN_RANGE_LOOP_ANALYSIS = YES;
				CLANG_WARN_STRICT_PROTOTYPES = YES;
				CLANG_WARN_SUSPICIOUS_MOVE = YES;
				CLANG_WARN_UNGUARDED_AVAILABILITY = YES_AGGRESSIVE;
				CLANG_WARN_UNREACHABLE_CODE = YES;
				CLANG_WARN__DUPLICATE_METHOD_MATCH = YES;
				CODE_SIGN_IDENTITY = "iPhone Developer";
				COPY_PHASE_STRIP = NO;
				DEBUG_INFORMATION_FORMAT = dwarf;
				ENABLE_STRICT_OBJC_MSGSEND = YES;
				ENABLE_TESTABILITY = YES;
				GCC_C_LANGUAGE_STANDARD = gnu11;
				GCC_DYNAMIC_NO_PIC = NO;
				GCC_NO_COMMON_BLOCKS = YES;
				GCC_OPTIMIZATION_LEVEL = 0;
				GCC_PREPROCESSOR_DEFINITIONS = (
					"DEBUG=1",
					"$(inherited)",
				);
				GCC_WARN_64_TO_32_BIT_CONVERSION = YES;
				GCC_WARN_ABOUT_RETURN_TYPE = YES_ERROR;
				GCC_WARN_UNDECLARED_SELECTOR = YES;
				GCC_WARN_UNINITIALIZED_AUTOS = YES_AGGRESSIVE;
				GCC_WARN_UNUSED_FUNCTION = YES;
				GCC_WARN_UNUSED_VARIABLE = YES;
				IPHONEOS_DEPLOYMENT_TARGET = 11.0;
				MTL_ENABLE_DEBUG_INFO = INCLUDE_SOURCE;
				MTL_FAST_MATH = YES;
				ONLY_ACTIVE_ARCH = YES;
				SDKROOT = iphoneos;
				SWIFT_ACTIVE_COMPILATION_CONDITIONS = DEBUG;
				SWIFT_OPTIMIZATION_LEVEL = "-Onone";
			};
			name = Debug;
		};
		34501FBD22F0425900A5A1E2 /* Release */ = {
			isa = XCBuildConfiguration;
			buildSettings = {
				ALWAYS_SEARCH_USER_PATHS = NO;
				CLANG_ANALYZER_NONNULL = YES;
				CLANG_ANALYZER_NUMBER_OBJECT_CONVERSION = YES_AGGRESSIVE;
				CLANG_CXX_LANGUAGE_STANDARD = "gnu++14";
				CLANG_CXX_LIBRARY = "libc++";
				CLANG_ENABLE_MODULES = YES;
				CLANG_ENABLE_OBJC_ARC = YES;
				CLANG_ENABLE_OBJC_WEAK = YES;
				CLANG_WARN_BLOCK_CAPTURE_AUTORELEASING = YES;
				CLANG_WARN_BOOL_CONVERSION = YES;
				CLANG_WARN_COMMA = YES;
				CLANG_WARN_CONSTANT_CONVERSION = YES;
				CLANG_WARN_DEPRECATED_OBJC_IMPLEMENTATIONS = YES;
				CLANG_WARN_DIRECT_OBJC_ISA_USAGE = YES_ERROR;
				CLANG_WARN_DOCUMENTATION_COMMENTS = YES;
				CLANG_WARN_EMPTY_BODY = YES;
				CLANG_WARN_ENUM_CONVERSION = YES;
				CLANG_WARN_INFINITE_RECURSION = YES;
				CLANG_WARN_INT_CONVERSION = YES;
				CLANG_WARN_NON_LITERAL_NULL_CONVERSION = YES;
				CLANG_WARN_OBJC_IMPLICIT_RETAIN_SELF = YES;
				CLANG_WARN_OBJC_LITERAL_CONVERSION = YES;
				CLANG_WARN_OBJC_ROOT_CLASS = YES_ERROR;
				CLANG_WARN_RANGE_LOOP_ANALYSIS = YES;
				CLANG_WARN_STRICT_PROTOTYPES = YES;
				CLANG_WARN_SUSPICIOUS_MOVE = YES;
				CLANG_WARN_UNGUARDED_AVAILABILITY = YES_AGGRESSIVE;
				CLANG_WARN_UNREACHABLE_CODE = YES;
				CLANG_WARN__DUPLICATE_METHOD_MATCH = YES;
				CODE_SIGN_IDENTITY = "iPhone Developer";
				COPY_PHASE_STRIP = NO;
				DEBUG_INFORMATION_FORMAT = "dwarf-with-dsym";
				ENABLE_NS_ASSERTIONS = NO;
				ENABLE_STRICT_OBJC_MSGSEND = YES;
				GCC_C_LANGUAGE_STANDARD = gnu11;
				GCC_NO_COMMON_BLOCKS = YES;
				GCC_WARN_64_TO_32_BIT_CONVERSION = YES;
				GCC_WARN_ABOUT_RETURN_TYPE = YES_ERROR;
				GCC_WARN_UNDECLARED_SELECTOR = YES;
				GCC_WARN_UNINITIALIZED_AUTOS = YES_AGGRESSIVE;
				GCC_WARN_UNUSED_FUNCTION = YES;
				GCC_WARN_UNUSED_VARIABLE = YES;
				IPHONEOS_DEPLOYMENT_TARGET = 11.0;
				MTL_ENABLE_DEBUG_INFO = NO;
				MTL_FAST_MATH = YES;
				SDKROOT = iphoneos;
				SWIFT_COMPILATION_MODE = wholemodule;
				SWIFT_OPTIMIZATION_LEVEL = "-O";
				VALIDATE_PRODUCT = YES;
			};
			name = Release;
		};
		34501FBF22F0425900A5A1E2 /* Debug */ = {
			isa = XCBuildConfiguration;
			baseConfigurationReference = 5061B4552C0CDF5222D538D6 /* Pods-CafeCity.debug.xcconfig */;
			buildSettings = {
				ASSETCATALOG_COMPILER_APPICON_NAME = AppIcon;
				CODE_SIGN_STYLE = Automatic;
				DEVELOPMENT_TEAM = 7JXH2B26Y8;
				INFOPLIST_FILE = CafeCity/Info.plist;
				LD_RUNPATH_SEARCH_PATHS = (
					"$(inherited)",
					"@executable_path/Frameworks",
				);
				PRODUCT_BUNDLE_IDENTIFIER = com.Shane.CafeCity;
				PRODUCT_NAME = "$(TARGET_NAME)";
				SWIFT_VERSION = 5.0;
				TARGETED_DEVICE_FAMILY = "1,2";
			};
			name = Debug;
		};
		34501FC022F0425900A5A1E2 /* Release */ = {
			isa = XCBuildConfiguration;
			baseConfigurationReference = 4CED4779C506BBED0BBCB0A3 /* Pods-CafeCity.release.xcconfig */;
			buildSettings = {
				ASSETCATALOG_COMPILER_APPICON_NAME = AppIcon;
				CODE_SIGN_STYLE = Automatic;
				DEVELOPMENT_TEAM = 7JXH2B26Y8;
				INFOPLIST_FILE = CafeCity/Info.plist;
				LD_RUNPATH_SEARCH_PATHS = (
					"$(inherited)",
					"@executable_path/Frameworks",
				);
				PRODUCT_BUNDLE_IDENTIFIER = com.Shane.CafeCity;
				PRODUCT_NAME = "$(TARGET_NAME)";
				SWIFT_VERSION = 5.0;
				TARGETED_DEVICE_FAMILY = "1,2";
			};
			name = Release;
		};
/* End XCBuildConfiguration section */

/* Begin XCConfigurationList section */
		34501FA422F0425700A5A1E2 /* Build configuration list for PBXProject "CafeCity" */ = {
			isa = XCConfigurationList;
			buildConfigurations = (
				34501FBC22F0425900A5A1E2 /* Debug */,
				34501FBD22F0425900A5A1E2 /* Release */,
			);
			defaultConfigurationIsVisible = 0;
			defaultConfigurationName = Release;
		};
		34501FBE22F0425900A5A1E2 /* Build configuration list for PBXNativeTarget "CafeCity" */ = {
			isa = XCConfigurationList;
			buildConfigurations = (
				34501FBF22F0425900A5A1E2 /* Debug */,
				34501FC022F0425900A5A1E2 /* Release */,
			);
			defaultConfigurationIsVisible = 0;
			defaultConfigurationName = Release;
		};
/* End XCConfigurationList section */

/* Begin XCVersionGroup section */
		34501FB322F0425700A5A1E2 /* CafeCity.xcdatamodeld */ = {
			isa = XCVersionGroup;
			children = (
				34501FB422F0425700A5A1E2 /* CafeCity.xcdatamodel */,
			);
			currentVersion = 34501FB422F0425700A5A1E2 /* CafeCity.xcdatamodel */;
			path = CafeCity.xcdatamodeld;
			sourceTree = "<group>";
			versionGroupType = wrapper.xcdatamodel;
		};
/* End XCVersionGroup section */
	};
	rootObject = 34501FA122F0425700A5A1E2 /* Project object */;
}
